<?xml version="1.0" encoding="utf-8"?>
<Project ToolsVersion="4.0" xmlns="http://schemas.microsoft.com/developer/msbuild/2003">
  <ItemGroup>
    <Filter Include="Protocol">
      <UniqueIdentifier>{085bb2bb-e63f-47e4-a00a-9dfc7d260ee1}</UniqueIdentifier>
    </Filter>
    <Filter Include="Protocol\Client">
      <UniqueIdentifier>{061c2cba-c567-4dd4-bcf1-6ab8b7752edf}</UniqueIdentifier>
    </Filter>
    <Filter Include="Protocol\Server">
      <UniqueIdentifier>{1649edcc-b852-4301-9efa-52b2e0b473e4}</UniqueIdentifier>
    </Filter>
    <Filter Include="Protocol\MsgId">
      <UniqueIdentifier>{474ccb34-bd64-4650-a0fd-579ed7d54942}</UniqueIdentifier>
    </Filter>
  </ItemGroup>
  <ItemGroup>
    <CustomBuild Include="Protocol\Client\C2S.code">
      <Filter>Protocol\Client</Filter>
    </CustomBuild>
    <CustomBuild Include="Protocol\MsgId\Id.code">
      <Filter>Protocol\MsgId</Filter>
    </CustomBuild>
    <CustomBuild Include="Protocol\Server\S2C.code">
      <Filter>Protocol\Server</Filter>
    </CustomBuild>
    <CustomBuild Include="Protocol\Client\Enum.code">
      <Filter>Protocol\Client</Filter>
    </CustomBuild>
  </ItemGroup>
</Project>