<?xml version="1.0" encoding="utf-8"?>
<Project ToolsVersion="4.0" xmlns="http://schemas.microsoft.com/developer/msbuild/2003">
  <ItemGroup>
    <Filter Include="Protocol">
      <UniqueIdentifier>{085bb2bb-e63f-47e4-a00a-9dfc7d260ee1}</UniqueIdentifier>
    </Filter>
    <Filter Include="Protocol\Client">
      <UniqueIdentifier>{061c2cba-c567-4dd4-bcf1-6ab8b7752edf}</UniqueIdentifier>
    </Filter>
    <Filter Include="Protocol\Server">
      <UniqueIdentifier>{1649edcc-b852-4301-9efa-52b2e0b473e4}</UniqueIdentifier>
    </Filter>
    <Filter Include="Protocol\MsgId">
      <UniqueIdentifier>{474ccb34-bd64-4650-a0fd-579ed7d54942}</UniqueIdentifier>
    </Filter>
    <Filter Include="Protocol\Global">
      <UniqueIdentifier>{982e926e-0cbb-4b2c-b7f0-6f7bb9177b82}</UniqueIdentifier>
    </Filter>
    <Filter Include="Protocol\Gate">
      <UniqueIdentifier>{2326598a-5805-4029-8bb2-4b0b385e8279}</UniqueIdentifier>
    </Filter>
  </ItemGroup>
  <ItemGroup>
    <CustomBuild Include="Protocol\Client\C2S.code">
      <Filter>Protocol\Client</Filter>
    </CustomBuild>
    <CustomBuild Include="Protocol\MsgId\Id.code">
      <Filter>Protocol\MsgId</Filter>
    </CustomBuild>
    <CustomBuild Include="Protocol\Global\GM2G.code" />
    <CustomBuild Include="Protocol\Gate\G2GM.code" />
    <CustomBuild Include="ServerRegister.code">
      <Filter>Protocol\Server</Filter>
    </CustomBuild>
  </ItemGroup>
</Project>