
Microsoft Visual Studio Solution File, Format Version 12.00
# Visual Studio 15
VisualStudioVersion = 15.0.27428.2037
MinimumVisualStudioVersion = 10.0.40219.1
Project("{2150E333-8FDC-42A3-9474-1A3956D46DE8}") = "Protocol", "Protocol", "{08FAF6C1-1A85-4DB1-B018-3706E128F603}"
EndProject
Project("{2150E333-8FDC-42A3-9474-1A3956D46DE8}") = "CSharp", "CSharp", "{FAAD74BD-88AA-4FA0-BEDE-E9E389FA3BC5}"
	ProjectSection(SolutionItems) = preProject
		Protocol\CSharp\Protocol\Client\Gate\C2GIdGenerater.cs = Protocol\CSharp\Protocol\Client\Gate\C2GIdGenerater.cs
		Protocol\CSharp\Id.cs = Protocol\CSharp\Id.cs
	EndProjectSection
EndProject
Project("{2150E333-8FDC-42A3-9474-1A3956D46DE8}") = "Java", "Java", "{C16E2D6F-32F3-4B61-854E-4547D159F5CE}"
EndProject
Project("{2150E333-8FDC-42A3-9474-1A3956D46DE8}") = "Proto", "Proto", "{4705E38B-98AE-4DE6-8BCD-BAEC717FB02C}"
EndProject
Project("{2150E333-8FDC-42A3-9474-1A3956D46DE8}") = "Bin", "Bin", "{B7ADC375-420F-42D4-B7C2-EDF2616F6B66}"
	ProjectSection(SolutionItems) = preProject
		Bin\protobuf-net.dll = Bin\protobuf-net.dll
		Bin\protobuf-net.Reflection.dll = Bin\protobuf-net.Reflection.dll
		Bin\protoc.exe = Bin\protoc.exe
		Bin\ProtocolGenerater.exe = Bin\ProtocolGenerater.exe
		Bin\protogen.exe = Bin\protogen.exe
	EndProjectSection
EndProject
Project("{FAE04EC0-301F-11D3-BF4B-00C04F79EFBC}") = "ProtocolLib", "ClientProtocolLib\ProtocolLib.csproj", "{D9B9D5D0-0812-4024-9605-0C91994ADE35}"
EndProject
Project("{FAE04EC0-301F-11D3-BF4B-00C04F79EFBC}") = "ProtoBuffTest", "ProtoBuffTest\ProtoBuffTest.csproj", "{0165F952-D834-4F4D-A879-DD825085B2C5}"
EndProject
Project("{FAE04EC0-301F-11D3-BF4B-00C04F79EFBC}") = "ClientLib", "ClientLib\ClientLib.csproj", "{D0C97B29-C5AB-4ECB-A3CA-BEDE79585766}"
EndProject
Project("{FAE04EC0-301F-11D3-BF4B-00C04F79EFBC}") = "TcpClientLib", "TcpClientLib\TcpClientLib.csproj", "{8F4307E4-5E5C-40F3-862E-1F6801A87673}"
EndProject
Project("{FAE04EC0-301F-11D3-BF4B-00C04F79EFBC}") = "ProtocolBuffersGenerater", "ProtocolBuffersGenerater\ProtocolBuffersGenerater.csproj", "{321503CC-EBC1-4254-BF3A-0A2895C21D97}"
EndProject
Project("{8BC9CEB8-8B4A-11D0-8D11-00A0C91BC942}") = "ProtocolBuilder", "ProtocolBuilder\ProtocolBuilder.vcxproj", "{039089B6-7F87-4FC6-A437-ED2191F279A7}"
EndProject
Global
	GlobalSection(SolutionConfigurationPlatforms) = preSolution
		Debug|Any CPU = Debug|Any CPU
		Debug|x64 = Debug|x64
		Debug|x86 = Debug|x86
		Release|Any CPU = Release|Any CPU
		Release|x64 = Release|x64
		Release|x86 = Release|x86
	EndGlobalSection
	GlobalSection(ProjectConfigurationPlatforms) = postSolution
		{D9B9D5D0-0812-4024-9605-0C91994ADE35}.Debug|Any CPU.ActiveCfg = Debug|Any CPU
		{D9B9D5D0-0812-4024-9605-0C91994ADE35}.Debug|Any CPU.Build.0 = Debug|Any CPU
		{D9B9D5D0-0812-4024-9605-0C91994ADE35}.Debug|x64.ActiveCfg = Debug|Any CPU
		{D9B9D5D0-0812-4024-9605-0C91994ADE35}.Debug|x64.Build.0 = Debug|Any CPU
		{D9B9D5D0-0812-4024-9605-0C91994ADE35}.Debug|x86.ActiveCfg = Debug|Any CPU
		{D9B9D5D0-0812-4024-9605-0C91994ADE35}.Debug|x86.Build.0 = Debug|Any CPU
		{D9B9D5D0-0812-4024-9605-0C91994ADE35}.Release|Any CPU.ActiveCfg = Release|Any CPU
		{D9B9D5D0-0812-4024-9605-0C91994ADE35}.Release|Any CPU.Build.0 = Release|Any CPU
		{D9B9D5D0-0812-4024-9605-0C91994ADE35}.Release|x64.ActiveCfg = Release|Any CPU
		{D9B9D5D0-0812-4024-9605-0C91994ADE35}.Release|x64.Build.0 = Release|Any CPU
		{D9B9D5D0-0812-4024-9605-0C91994ADE35}.Release|x86.ActiveCfg = Release|Any CPU
		{D9B9D5D0-0812-4024-9605-0C91994ADE35}.Release|x86.Build.0 = Release|Any CPU
		{0165F952-D834-4F4D-A879-DD825085B2C5}.Debug|Any CPU.ActiveCfg = Debug|Any CPU
		{0165F952-D834-4F4D-A879-DD825085B2C5}.Debug|Any CPU.Build.0 = Debug|Any CPU
		{0165F952-D834-4F4D-A879-DD825085B2C5}.Debug|x64.ActiveCfg = Debug|Any CPU
		{0165F952-D834-4F4D-A879-DD825085B2C5}.Debug|x64.Build.0 = Debug|Any CPU
		{0165F952-D834-4F4D-A879-DD825085B2C5}.Debug|x86.ActiveCfg = Debug|Any CPU
		{0165F952-D834-4F4D-A879-DD825085B2C5}.Debug|x86.Build.0 = Debug|Any CPU
		{0165F952-D834-4F4D-A879-DD825085B2C5}.Release|Any CPU.ActiveCfg = Release|Any CPU
		{0165F952-D834-4F4D-A879-DD825085B2C5}.Release|Any CPU.Build.0 = Release|Any CPU
		{0165F952-D834-4F4D-A879-DD825085B2C5}.Release|x64.ActiveCfg = Release|Any CPU
		{0165F952-D834-4F4D-A879-DD825085B2C5}.Release|x64.Build.0 = Release|Any CPU
		{0165F952-D834-4F4D-A879-DD825085B2C5}.Release|x86.ActiveCfg = Release|Any CPU
		{0165F952-D834-4F4D-A879-DD825085B2C5}.Release|x86.Build.0 = Release|Any CPU
		{D0C97B29-C5AB-4ECB-A3CA-BEDE79585766}.Debug|Any CPU.ActiveCfg = Debug|Any CPU
		{D0C97B29-C5AB-4ECB-A3CA-BEDE79585766}.Debug|Any CPU.Build.0 = Debug|Any CPU
		{D0C97B29-C5AB-4ECB-A3CA-BEDE79585766}.Debug|x64.ActiveCfg = Debug|Any CPU
		{D0C97B29-C5AB-4ECB-A3CA-BEDE79585766}.Debug|x64.Build.0 = Debug|Any CPU
		{D0C97B29-C5AB-4ECB-A3CA-BEDE79585766}.Debug|x86.ActiveCfg = Debug|Any CPU
		{D0C97B29-C5AB-4ECB-A3CA-BEDE79585766}.Debug|x86.Build.0 = Debug|Any CPU
		{D0C97B29-C5AB-4ECB-A3CA-BEDE79585766}.Release|Any CPU.ActiveCfg = Release|Any CPU
		{D0C97B29-C5AB-4ECB-A3CA-BEDE79585766}.Release|Any CPU.Build.0 = Release|Any CPU
		{D0C97B29-C5AB-4ECB-A3CA-BEDE79585766}.Release|x64.ActiveCfg = Release|Any CPU
		{D0C97B29-C5AB-4ECB-A3CA-BEDE79585766}.Release|x64.Build.0 = Release|Any CPU
		{D0C97B29-C5AB-4ECB-A3CA-BEDE79585766}.Release|x86.ActiveCfg = Release|Any CPU
		{D0C97B29-C5AB-4ECB-A3CA-BEDE79585766}.Release|x86.Build.0 = Release|Any CPU
		{8F4307E4-5E5C-40F3-862E-1F6801A87673}.Debug|Any CPU.ActiveCfg = Debug|Any CPU
		{8F4307E4-5E5C-40F3-862E-1F6801A87673}.Debug|Any CPU.Build.0 = Debug|Any CPU
		{8F4307E4-5E5C-40F3-862E-1F6801A87673}.Debug|x64.ActiveCfg = Debug|Any CPU
		{8F4307E4-5E5C-40F3-862E-1F6801A87673}.Debug|x64.Build.0 = Debug|Any CPU
		{8F4307E4-5E5C-40F3-862E-1F6801A87673}.Debug|x86.ActiveCfg = Debug|Any CPU
		{8F4307E4-5E5C-40F3-862E-1F6801A87673}.Debug|x86.Build.0 = Debug|Any CPU
		{8F4307E4-5E5C-40F3-862E-1F6801A87673}.Release|Any CPU.ActiveCfg = Release|Any CPU
		{8F4307E4-5E5C-40F3-862E-1F6801A87673}.Release|Any CPU.Build.0 = Release|Any CPU
		{8F4307E4-5E5C-40F3-862E-1F6801A87673}.Release|x64.ActiveCfg = Release|Any CPU
		{8F4307E4-5E5C-40F3-862E-1F6801A87673}.Release|x64.Build.0 = Release|Any CPU
		{8F4307E4-5E5C-40F3-862E-1F6801A87673}.Release|x86.ActiveCfg = Release|Any CPU
		{8F4307E4-5E5C-40F3-862E-1F6801A87673}.Release|x86.Build.0 = Release|Any CPU
		{321503CC-EBC1-4254-BF3A-0A2895C21D97}.Debug|Any CPU.ActiveCfg = Debug|Any CPU
		{321503CC-EBC1-4254-BF3A-0A2895C21D97}.Debug|Any CPU.Build.0 = Debug|Any CPU
		{321503CC-EBC1-4254-BF3A-0A2895C21D97}.Debug|x64.ActiveCfg = Debug|Any CPU
		{321503CC-EBC1-4254-BF3A-0A2895C21D97}.Debug|x64.Build.0 = Debug|Any CPU
		{321503CC-EBC1-4254-BF3A-0A2895C21D97}.Debug|x86.ActiveCfg = Debug|Any CPU
		{321503CC-EBC1-4254-BF3A-0A2895C21D97}.Debug|x86.Build.0 = Debug|Any CPU
		{321503CC-EBC1-4254-BF3A-0A2895C21D97}.Release|Any CPU.ActiveCfg = Release|Any CPU
		{321503CC-EBC1-4254-BF3A-0A2895C21D97}.Release|Any CPU.Build.0 = Release|Any CPU
		{321503CC-EBC1-4254-BF3A-0A2895C21D97}.Release|x64.ActiveCfg = Release|Any CPU
		{321503CC-EBC1-4254-BF3A-0A2895C21D97}.Release|x64.Build.0 = Release|Any CPU
		{321503CC-EBC1-4254-BF3A-0A2895C21D97}.Release|x86.ActiveCfg = Release|Any CPU
		{321503CC-EBC1-4254-BF3A-0A2895C21D97}.Release|x86.Build.0 = Release|Any CPU
		{039089B6-7F87-4FC6-A437-ED2191F279A7}.Debug|Any CPU.ActiveCfg = Debug|Win32
		{039089B6-7F87-4FC6-A437-ED2191F279A7}.Debug|x64.ActiveCfg = Debug|x64
		{039089B6-7F87-4FC6-A437-ED2191F279A7}.Debug|x64.Build.0 = Debug|x64
		{039089B6-7F87-4FC6-A437-ED2191F279A7}.Debug|x86.ActiveCfg = Debug|Win32
		{039089B6-7F87-4FC6-A437-ED2191F279A7}.Debug|x86.Build.0 = Debug|Win32
		{039089B6-7F87-4FC6-A437-ED2191F279A7}.Release|Any CPU.ActiveCfg = Release|Win32
		{039089B6-7F87-4FC6-A437-ED2191F279A7}.Release|x64.ActiveCfg = Release|x64
		{039089B6-7F87-4FC6-A437-ED2191F279A7}.Release|x64.Build.0 = Release|x64
		{039089B6-7F87-4FC6-A437-ED2191F279A7}.Release|x86.ActiveCfg = Release|Win32
		{039089B6-7F87-4FC6-A437-ED2191F279A7}.Release|x86.Build.0 = Release|Win32
	EndGlobalSection
	GlobalSection(SolutionProperties) = preSolution
		HideSolutionNode = FALSE
	EndGlobalSection
	GlobalSection(NestedProjects) = preSolution
		{FAAD74BD-88AA-4FA0-BEDE-E9E389FA3BC5} = {08FAF6C1-1A85-4DB1-B018-3706E128F603}
		{C16E2D6F-32F3-4B61-854E-4547D159F5CE} = {08FAF6C1-1A85-4DB1-B018-3706E128F603}
		{4705E38B-98AE-4DE6-8BCD-BAEC717FB02C} = {08FAF6C1-1A85-4DB1-B018-3706E128F603}
	EndGlobalSection
	GlobalSection(ExtensibilityGlobals) = postSolution
		SolutionGuid = {B1985C05-B198-4932-91B7-AB5E8A769DB7}
	EndGlobalSection
EndGlobal
