
Microsoft Visual Studio Solution File, Format Version 12.00
# Visual Studio 15
VisualStudioVersion = 15.0.28307.489
MinimumVisualStudioVersion = 10.0.40219.1
Project("{9A19103F-16F7-4668-BE54-9A1E7A4F7556}") = "ProtocolGenerator", "ProtocolGenerator\ProtocolGenerator.csproj", "{6995184C-5828-4B99-AE13-A29E74BE1F82}"
EndProject
Project("{8BC9CEB8-8B4A-11D0-8D11-00A0C91BC942}") = "ProtocolBuilder", "ProtocolBuilder\ProtocolBuilder.vcxproj", "{622FF6F2-FAF5-451F-B602-ABD52CAE9BAC}"
EndProject
Project("{9A19103F-16F7-4668-BE54-9A1E7A4F7556}") = "Google.Protobuf", "Google.Protobuf\Google.Protobuf.csproj", "{B42DB28B-4E30-48D1-9610-98004938D3DE}"
EndProject
Project("{9A19103F-16F7-4668-BE54-9A1E7A4F7556}") = "ProtocolLib", "ProtocolLib\ProtocolLib.csproj", "{6D409E03-B2FC-4560-B81E-F0941F56D4F2}"
EndProject
Project("{FAE04EC0-301F-11D3-BF4B-00C04F79EFBC}") = "UnitTest", "UnitTest\UnitTest.csproj", "{4469D510-4F6B-499E-9B21-825FDCE48CC0}"
EndProject
Project("{FAE04EC0-301F-11D3-BF4B-00C04F79EFBC}") = "ProtobufHelper", "ProtobufHelper\ProtobufHelper.csproj", "{16D07577-3170-4992-BD12-70750FA4BCDA}"
EndProject
Global
	GlobalSection(SolutionConfigurationPlatforms) = preSolution
		Debug|Any CPU = Debug|Any CPU
		Debug|x64 = Debug|x64
		Debug|x86 = Debug|x86
		Release|Any CPU = Release|Any CPU
		Release|x64 = Release|x64
		Release|x86 = Release|x86
	EndGlobalSection
	GlobalSection(ProjectConfigurationPlatforms) = postSolution
		{6995184C-5828-4B99-AE13-A29E74BE1F82}.Debug|Any CPU.ActiveCfg = Debug|Any CPU
		{6995184C-5828-4B99-AE13-A29E74BE1F82}.Debug|Any CPU.Build.0 = Debug|Any CPU
		{6995184C-5828-4B99-AE13-A29E74BE1F82}.Debug|x64.ActiveCfg = Debug|Any CPU
		{6995184C-5828-4B99-AE13-A29E74BE1F82}.Debug|x64.Build.0 = Debug|Any CPU
		{6995184C-5828-4B99-AE13-A29E74BE1F82}.Debug|x86.ActiveCfg = Debug|Any CPU
		{6995184C-5828-4B99-AE13-A29E74BE1F82}.Debug|x86.Build.0 = Debug|Any CPU
		{6995184C-5828-4B99-AE13-A29E74BE1F82}.Release|Any CPU.ActiveCfg = Release|Any CPU
		{6995184C-5828-4B99-AE13-A29E74BE1F82}.Release|Any CPU.Build.0 = Release|Any CPU
		{6995184C-5828-4B99-AE13-A29E74BE1F82}.Release|x64.ActiveCfg = Release|Any CPU
		{6995184C-5828-4B99-AE13-A29E74BE1F82}.Release|x64.Build.0 = Release|Any CPU
		{6995184C-5828-4B99-AE13-A29E74BE1F82}.Release|x86.ActiveCfg = Release|Any CPU
		{6995184C-5828-4B99-AE13-A29E74BE1F82}.Release|x86.Build.0 = Release|Any CPU
		{622FF6F2-FAF5-451F-B602-ABD52CAE9BAC}.Debug|Any CPU.ActiveCfg = Debug|Win32
		{622FF6F2-FAF5-451F-B602-ABD52CAE9BAC}.Debug|x64.ActiveCfg = Debug|x64
		{622FF6F2-FAF5-451F-B602-ABD52CAE9BAC}.Debug|x64.Build.0 = Debug|x64
		{622FF6F2-FAF5-451F-B602-ABD52CAE9BAC}.Debug|x86.ActiveCfg = Debug|Win32
		{622FF6F2-FAF5-451F-B602-ABD52CAE9BAC}.Debug|x86.Build.0 = Debug|Win32
		{622FF6F2-FAF5-451F-B602-ABD52CAE9BAC}.Release|Any CPU.ActiveCfg = Release|Win32
		{622FF6F2-FAF5-451F-B602-ABD52CAE9BAC}.Release|x64.ActiveCfg = Release|x64
		{622FF6F2-FAF5-451F-B602-ABD52CAE9BAC}.Release|x64.Build.0 = Release|x64
		{622FF6F2-FAF5-451F-B602-ABD52CAE9BAC}.Release|x86.ActiveCfg = Release|Win32
		{622FF6F2-FAF5-451F-B602-ABD52CAE9BAC}.Release|x86.Build.0 = Release|Win32
		{B42DB28B-4E30-48D1-9610-98004938D3DE}.Debug|Any CPU.ActiveCfg = Debug|Any CPU
		{B42DB28B-4E30-48D1-9610-98004938D3DE}.Debug|Any CPU.Build.0 = Debug|Any CPU
		{B42DB28B-4E30-48D1-9610-98004938D3DE}.Debug|x64.ActiveCfg = Debug|Any CPU
		{B42DB28B-4E30-48D1-9610-98004938D3DE}.Debug|x64.Build.0 = Debug|Any CPU
		{B42DB28B-4E30-48D1-9610-98004938D3DE}.Debug|x86.ActiveCfg = Debug|Any CPU
		{B42DB28B-4E30-48D1-9610-98004938D3DE}.Debug|x86.Build.0 = Debug|Any CPU
		{B42DB28B-4E30-48D1-9610-98004938D3DE}.Release|Any CPU.ActiveCfg = Release|Any CPU
		{B42DB28B-4E30-48D1-9610-98004938D3DE}.Release|Any CPU.Build.0 = Release|Any CPU
		{B42DB28B-4E30-48D1-9610-98004938D3DE}.Release|x64.ActiveCfg = Release|Any CPU
		{B42DB28B-4E30-48D1-9610-98004938D3DE}.Release|x64.Build.0 = Release|Any CPU
		{B42DB28B-4E30-48D1-9610-98004938D3DE}.Release|x86.ActiveCfg = Release|Any CPU
		{B42DB28B-4E30-48D1-9610-98004938D3DE}.Release|x86.Build.0 = Release|Any CPU
		{6D409E03-B2FC-4560-B81E-F0941F56D4F2}.Debug|Any CPU.ActiveCfg = Debug|Any CPU
		{6D409E03-B2FC-4560-B81E-F0941F56D4F2}.Debug|Any CPU.Build.0 = Debug|Any CPU
		{6D409E03-B2FC-4560-B81E-F0941F56D4F2}.Debug|x64.ActiveCfg = Debug|Any CPU
		{6D409E03-B2FC-4560-B81E-F0941F56D4F2}.Debug|x64.Build.0 = Debug|Any CPU
		{6D409E03-B2FC-4560-B81E-F0941F56D4F2}.Debug|x86.ActiveCfg = Debug|Any CPU
		{6D409E03-B2FC-4560-B81E-F0941F56D4F2}.Debug|x86.Build.0 = Debug|Any CPU
		{6D409E03-B2FC-4560-B81E-F0941F56D4F2}.Release|Any CPU.ActiveCfg = Release|Any CPU
		{6D409E03-B2FC-4560-B81E-F0941F56D4F2}.Release|Any CPU.Build.0 = Release|Any CPU
		{6D409E03-B2FC-4560-B81E-F0941F56D4F2}.Release|x64.ActiveCfg = Release|Any CPU
		{6D409E03-B2FC-4560-B81E-F0941F56D4F2}.Release|x64.Build.0 = Release|Any CPU
		{6D409E03-B2FC-4560-B81E-F0941F56D4F2}.Release|x86.ActiveCfg = Release|Any CPU
		{6D409E03-B2FC-4560-B81E-F0941F56D4F2}.Release|x86.Build.0 = Release|Any CPU
		{4469D510-4F6B-499E-9B21-825FDCE48CC0}.Debug|Any CPU.ActiveCfg = Debug|Any CPU
		{4469D510-4F6B-499E-9B21-825FDCE48CC0}.Debug|Any CPU.Build.0 = Debug|Any CPU
		{4469D510-4F6B-499E-9B21-825FDCE48CC0}.Debug|x64.ActiveCfg = Debug|Any CPU
		{4469D510-4F6B-499E-9B21-825FDCE48CC0}.Debug|x64.Build.0 = Debug|Any CPU
		{4469D510-4F6B-499E-9B21-825FDCE48CC0}.Debug|x86.ActiveCfg = Debug|Any CPU
		{4469D510-4F6B-499E-9B21-825FDCE48CC0}.Debug|x86.Build.0 = Debug|Any CPU
		{4469D510-4F6B-499E-9B21-825FDCE48CC0}.Release|Any CPU.ActiveCfg = Release|Any CPU
		{4469D510-4F6B-499E-9B21-825FDCE48CC0}.Release|Any CPU.Build.0 = Release|Any CPU
		{4469D510-4F6B-499E-9B21-825FDCE48CC0}.Release|x64.ActiveCfg = Release|Any CPU
		{4469D510-4F6B-499E-9B21-825FDCE48CC0}.Release|x64.Build.0 = Release|Any CPU
		{4469D510-4F6B-499E-9B21-825FDCE48CC0}.Release|x86.ActiveCfg = Release|Any CPU
		{4469D510-4F6B-499E-9B21-825FDCE48CC0}.Release|x86.Build.0 = Release|Any CPU
		{16D07577-3170-4992-BD12-70750FA4BCDA}.Debug|Any CPU.ActiveCfg = Debug|Any CPU
		{16D07577-3170-4992-BD12-70750FA4BCDA}.Debug|Any CPU.Build.0 = Debug|Any CPU
		{16D07577-3170-4992-BD12-70750FA4BCDA}.Debug|x64.ActiveCfg = Debug|Any CPU
		{16D07577-3170-4992-BD12-70750FA4BCDA}.Debug|x64.Build.0 = Debug|Any CPU
		{16D07577-3170-4992-BD12-70750FA4BCDA}.Debug|x86.ActiveCfg = Debug|Any CPU
		{16D07577-3170-4992-BD12-70750FA4BCDA}.Debug|x86.Build.0 = Debug|Any CPU
		{16D07577-3170-4992-BD12-70750FA4BCDA}.Release|Any CPU.ActiveCfg = Release|Any CPU
		{16D07577-3170-4992-BD12-70750FA4BCDA}.Release|Any CPU.Build.0 = Release|Any CPU
		{16D07577-3170-4992-BD12-70750FA4BCDA}.Release|x64.ActiveCfg = Release|Any CPU
		{16D07577-3170-4992-BD12-70750FA4BCDA}.Release|x64.Build.0 = Release|Any CPU
		{16D07577-3170-4992-BD12-70750FA4BCDA}.Release|x86.ActiveCfg = Release|Any CPU
		{16D07577-3170-4992-BD12-70750FA4BCDA}.Release|x86.Build.0 = Release|Any CPU
	EndGlobalSection
	GlobalSection(SolutionProperties) = preSolution
		HideSolutionNode = FALSE
	EndGlobalSection
	GlobalSection(ExtensibilityGlobals) = postSolution
		SolutionGuid = {047B35CB-F505-43F5-9697-199E27AF9E25}
	EndGlobalSection
EndGlobal
