
Microsoft Visual Studio Solution File, Format Version 12.00
# Visual Studio 15
VisualStudioVersion = 15.0.27428.2037
MinimumVisualStudioVersion = 10.0.40219.1
Project("{FAE04EC0-301F-11D3-BF4B-00C04F79EFBC}") = "ProtocolGenerater", "ProtocolGenerater\ProtocolGenerater.csproj", "{321503CC-EBC1-4254-BF3A-0A2895C21D97}"
EndProject
Project("{8BC9CEB8-8B4A-11D0-8D11-00A0C91BC942}") = "ProtocolForClient", "ProtocolForClient\ProtocolForClient.vcxproj", "{C6D90843-9898-41DD-A03C-4923FC75FBC7}"
EndProject
Project("{2150E333-8FDC-42A3-9474-1A3956D46DE8}") = "Protocol", "Protocol", "{08FAF6C1-1A85-4DB1-B018-3706E128F603}"
EndProject
Project("{2150E333-8FDC-42A3-9474-1A3956D46DE8}") = "CSharp", "CSharp", "{FAAD74BD-88AA-4FA0-BEDE-E9E389FA3BC5}"
EndProject
Project("{2150E333-8FDC-42A3-9474-1A3956D46DE8}") = "Java", "Java", "{C16E2D6F-32F3-4B61-854E-4547D159F5CE}"
EndProject
Project("{2150E333-8FDC-42A3-9474-1A3956D46DE8}") = "Proto", "Proto", "{4705E38B-98AE-4DE6-8BCD-BAEC717FB02C}"
EndProject
Global
	GlobalSection(SolutionConfigurationPlatforms) = preSolution
		Debug|Any CPU = Debug|Any CPU
		Debug|x64 = Debug|x64
		Debug|x86 = Debug|x86
		Release|Any CPU = Release|Any CPU
		Release|x64 = Release|x64
		Release|x86 = Release|x86
	EndGlobalSection
	GlobalSection(ProjectConfigurationPlatforms) = postSolution
		{321503CC-EBC1-4254-BF3A-0A2895C21D97}.Debug|Any CPU.ActiveCfg = Debug|Any CPU
		{321503CC-EBC1-4254-BF3A-0A2895C21D97}.Debug|Any CPU.Build.0 = Debug|Any CPU
		{321503CC-EBC1-4254-BF3A-0A2895C21D97}.Debug|x64.ActiveCfg = Debug|Any CPU
		{321503CC-EBC1-4254-BF3A-0A2895C21D97}.Debug|x64.Build.0 = Debug|Any CPU
		{321503CC-EBC1-4254-BF3A-0A2895C21D97}.Debug|x86.ActiveCfg = Debug|Any CPU
		{321503CC-EBC1-4254-BF3A-0A2895C21D97}.Debug|x86.Build.0 = Debug|Any CPU
		{321503CC-EBC1-4254-BF3A-0A2895C21D97}.Release|Any CPU.ActiveCfg = Release|Any CPU
		{321503CC-EBC1-4254-BF3A-0A2895C21D97}.Release|Any CPU.Build.0 = Release|Any CPU
		{321503CC-EBC1-4254-BF3A-0A2895C21D97}.Release|x64.ActiveCfg = Release|Any CPU
		{321503CC-EBC1-4254-BF3A-0A2895C21D97}.Release|x64.Build.0 = Release|Any CPU
		{321503CC-EBC1-4254-BF3A-0A2895C21D97}.Release|x86.ActiveCfg = Release|Any CPU
		{321503CC-EBC1-4254-BF3A-0A2895C21D97}.Release|x86.Build.0 = Release|Any CPU
		{C6D90843-9898-41DD-A03C-4923FC75FBC7}.Debug|Any CPU.ActiveCfg = Debug|Win32
		{C6D90843-9898-41DD-A03C-4923FC75FBC7}.Debug|x64.ActiveCfg = Debug|x64
		{C6D90843-9898-41DD-A03C-4923FC75FBC7}.Debug|x64.Build.0 = Debug|x64
		{C6D90843-9898-41DD-A03C-4923FC75FBC7}.Debug|x86.ActiveCfg = Debug|Win32
		{C6D90843-9898-41DD-A03C-4923FC75FBC7}.Debug|x86.Build.0 = Debug|Win32
		{C6D90843-9898-41DD-A03C-4923FC75FBC7}.Release|Any CPU.ActiveCfg = Release|Win32
		{C6D90843-9898-41DD-A03C-4923FC75FBC7}.Release|x64.ActiveCfg = Release|x64
		{C6D90843-9898-41DD-A03C-4923FC75FBC7}.Release|x64.Build.0 = Release|x64
		{C6D90843-9898-41DD-A03C-4923FC75FBC7}.Release|x86.ActiveCfg = Release|Win32
		{C6D90843-9898-41DD-A03C-4923FC75FBC7}.Release|x86.Build.0 = Release|Win32
	EndGlobalSection
	GlobalSection(SolutionProperties) = preSolution
		HideSolutionNode = FALSE
	EndGlobalSection
	GlobalSection(NestedProjects) = preSolution
		{FAAD74BD-88AA-4FA0-BEDE-E9E389FA3BC5} = {08FAF6C1-1A85-4DB1-B018-3706E128F603}
		{C16E2D6F-32F3-4B61-854E-4547D159F5CE} = {08FAF6C1-1A85-4DB1-B018-3706E128F603}
		{4705E38B-98AE-4DE6-8BCD-BAEC717FB02C} = {08FAF6C1-1A85-4DB1-B018-3706E128F603}
	EndGlobalSection
	GlobalSection(ExtensibilityGlobals) = postSolution
		SolutionGuid = {B1985C05-B198-4932-91B7-AB5E8A769DB7}
	EndGlobalSection
EndGlobal
